
Microsoft Visual Studio Solution File, Format Version 12.00
# Visual Studio Version 16
VisualStudioVersion = 16.0.810.11
MinimumVisualStudioVersion = 10.0.40219.1
Project("{FAE04EC0-301F-11D3-BF4B-00C04F79EFBC}") = "AspNetMvcDemo2", "AspNetMvcDemo2\AspNetMvcDemo2.csproj", "{63EE9121-0AE5-4923-868D-8BC040268316}"
EndProject
Global
	GlobalSection(SolutionConfigurationPlatforms) = preSolution
		Debug|Any CPU = Debug|Any CPU
		Release|Any CPU = Release|Any CPU
	EndGlobalSection
	GlobalSection(ProjectConfigurationPlatforms) = postSolution
		{63EE9121-0AE5-4923-868D-8BC040268316}.Debug|Any CPU.ActiveCfg = Debug|Any CPU
		{63EE9121-0AE5-4923-868D-8BC040268316}.Debug|Any CPU.Build.0 = Debug|Any CPU
		{63EE9121-0AE5-4923-868D-8BC040268316}.Release|Any CPU.ActiveCfg = Release|Any CPU
		{63EE9121-0AE5-4923-868D-8BC040268316}.Release|Any CPU.Build.0 = Release|Any CPU
	EndGlobalSection
	GlobalSection(SolutionProperties) = preSolution
		HideSolutionNode = FALSE
	EndGlobalSection
	GlobalSection(ExtensibilityGlobals) = postSolution
		SolutionGuid = {34FBD17F-4397-4E03-94F2-13FEA7E7DE2D}
	EndGlobalSection
EndGlobal
